{
  "name": "seb41_main_029",
  "lockfileVersion": 2,
  "requires": true,
  "packages": {
    "": {
      "dependencies": {
        "@ckeditor/ckeditor5-build-classic": "^35.4.0",
        "@ckeditor/ckeditor5-react": "^5.0.6"
      }
    },
    "node_modules/@ckeditor/ckeditor5-adapter-ckfinder": {
      "version": "35.4.0",
      "resolved": "https://registry.npmjs.org/@ckeditor/ckeditor5-adapter-ckfinder/-/ckeditor5-adapter-ckfinder-35.4.0.tgz",
      "integrity": "sha512-0o0nkggKYwjx60Ge7GGuJp2jJGwGW9LlAOZEVPTMRG8b/uSzMNLHyCChKeakRO4z7tiopJM6o9Y8sfbDM/nKpA==",
      "dependencies": {
        "ckeditor5": "^35.4.0"
      },
      "engines": {
        "node": ">=14.0.0",
        "npm": ">=5.7.1"
      }
    },
    "node_modules/@ckeditor/ckeditor5-autoformat": {
      "version": "35.4.0",
      "resolved": "https://registry.npmjs.org/@ckeditor/ckeditor5-autoformat/-/ckeditor5-autoformat-35.4.0.tgz",
      "integrity": "sha512-4vAOaoiziR2XN8KmismiBiknCeOYKtskW8yQnSrFWUX3Fkok3KrHaRFr48AbIN4pHI2xTMKPLeMLeRtZd8tTVw==",
      "dependencies": {
        "ckeditor5": "^35.4.0"
      },
      "engines": {
        "node": ">=14.0.0",
        "npm": ">=5.7.1"
      }
    },
    "node_modules/@ckeditor/ckeditor5-basic-styles": {
      "version": "35.4.0",
      "resolved": "https://registry.npmjs.org/@ckeditor/ckeditor5-basic-styles/-/ckeditor5-basic-styles-35.4.0.tgz",
      "integrity": "sha512-6JkoplYMwIHN1E/w3DoY0i95B41sbGwsNAtlvx6qaBvNKkLu4rRCtiBUJDnx8qZxxQXHih5ZOw8bUQHl4mt8hw==",
      "dependencies": {
        "ckeditor5": "^35.4.0"
      },
      "engines": {
        "node": ">=14.0.0",
        "npm": ">=5.7.1"
      }
    },
    "node_modules/@ckeditor/ckeditor5-block-quote": {
      "version": "35.4.0",
      "resolved": "https://registry.npmjs.org/@ckeditor/ckeditor5-block-quote/-/ckeditor5-block-quote-35.4.0.tgz",
      "integrity": "sha512-AXoJhSVwl/RSelmxqxMcLq0VUXubjEvMc32xvF6CyUkc/vlSkZec6noznXyVo0P5TXOxsFbzwFAdBOSFTFjD+A==",
      "dependencies": {
        "ckeditor5": "^35.4.0"
      },
      "engines": {
        "node": ">=14.0.0",
        "npm": ">=5.7.1"
      }
    },
    "node_modules/@ckeditor/ckeditor5-build-classic": {
      "version": "35.4.0",
      "resolved": "https://registry.npmjs.org/@ckeditor/ckeditor5-build-classic/-/ckeditor5-build-classic-35.4.0.tgz",
      "integrity": "sha512-DDvhtoOggo2B7/M+XPReIkFOvkXzzjTP3d4dzakODIFhZ5Y633U0NlIwTeMP/KVvTfzmesW9FJzER0fbVosQgA==",
      "dependencies": {
        "@ckeditor/ckeditor5-adapter-ckfinder": "^35.4.0",
        "@ckeditor/ckeditor5-autoformat": "^35.4.0",
        "@ckeditor/ckeditor5-basic-styles": "^35.4.0",
        "@ckeditor/ckeditor5-block-quote": "^35.4.0",
        "@ckeditor/ckeditor5-ckbox": "^35.4.0",
        "@ckeditor/ckeditor5-ckfinder": "^35.4.0",
        "@ckeditor/ckeditor5-cloud-services": "^35.4.0",
        "@ckeditor/ckeditor5-easy-image": "^35.4.0",
        "@ckeditor/ckeditor5-editor-classic": "^35.4.0",
        "@ckeditor/ckeditor5-essentials": "^35.4.0",
        "@ckeditor/ckeditor5-heading": "^35.4.0",
        "@ckeditor/ckeditor5-image": "^35.4.0",
        "@ckeditor/ckeditor5-indent": "^35.4.0",
        "@ckeditor/ckeditor5-link": "^35.4.0",
        "@ckeditor/ckeditor5-list": "^35.4.0",
        "@ckeditor/ckeditor5-media-embed": "^35.4.0",
        "@ckeditor/ckeditor5-paragraph": "^35.4.0",
        "@ckeditor/ckeditor5-paste-from-office": "^35.4.0",
        "@ckeditor/ckeditor5-table": "^35.4.0",
        "@ckeditor/ckeditor5-typing": "^35.4.0"
      },
      "engines": {
        "node": ">=14.0.0",
        "npm": ">=5.7.1"
      }
    },
    "node_modules/@ckeditor/ckeditor5-ckbox": {
      "version": "35.4.0",
      "resolved": "https://registry.npmjs.org/@ckeditor/ckeditor5-ckbox/-/ckeditor5-ckbox-35.4.0.tgz",
      "integrity": "sha512-kpEleQLsu3/nyvc46zkWBp3EvvxinnQfmwvi52h+FLbbI0TE0dxadRppQHZjHXd4yw29N6B1ePeMAVFRX1iYjQ==",
      "dependencies": {
        "ckeditor5": "^35.4.0"
      },
      "engines": {
        "node": ">=14.0.0",
        "npm": ">=5.7.1"
      }
    },
    "node_modules/@ckeditor/ckeditor5-ckfinder": {
      "version": "35.4.0",
      "resolved": "https://registry.npmjs.org/@ckeditor/ckeditor5-ckfinder/-/ckeditor5-ckfinder-35.4.0.tgz",
      "integrity": "sha512-PeA3PA1c1JGn9f+rZlnWHSuXUU4DjWU4oUp5tMWAtS8OV1srJ2DbU/+Z/WZHO4jmDMfQX9XmN5B/sdLvTQ7ZjQ==",
      "dependencies": {
        "ckeditor5": "^35.4.0"
      },
      "engines": {
        "node": ">=14.0.0",
        "npm": ">=5.7.1"
      }
    },
    "node_modules/@ckeditor/ckeditor5-clipboard": {
      "version": "35.4.0",
      "resolved": "https://registry.npmjs.org/@ckeditor/ckeditor5-clipboard/-/ckeditor5-clipboard-35.4.0.tgz",
      "integrity": "sha512-B6rIQxvOrHvO9TZRC8JA0wKk+IfN880UJkYIg1qlhf9HFNVjdVbtHaiCsPD+TzGmQN3XHXfNjgjabGRIn0iZmw==",
      "dependencies": {
        "@ckeditor/ckeditor5-core": "^35.4.0",
        "@ckeditor/ckeditor5-engine": "^35.4.0",
        "@ckeditor/ckeditor5-utils": "^35.4.0",
        "@ckeditor/ckeditor5-widget": "^35.4.0",
        "lodash-es": "^4.17.11"
      },
      "engines": {
        "node": ">=14.0.0",
        "npm": ">=5.7.1"
      }
    },
    "node_modules/@ckeditor/ckeditor5-cloud-services": {
      "version": "35.4.0",
      "resolved": "https://registry.npmjs.org/@ckeditor/ckeditor5-cloud-services/-/ckeditor5-cloud-services-35.4.0.tgz",
      "integrity": "sha512-iavLfEKx0GVPMIyPnnOlD9TCVVLIrwp1dCQAfO3A7WUySiLBcC7ShJ+6Bm00CVQQE6VtrYOevrKN/RcRzImzHw==",
      "dependencies": {
        "ckeditor5": "^35.4.0"
      },
      "engines": {
        "node": ">=14.0.0",
        "npm": ">=5.7.1"
      }
    },
    "node_modules/@ckeditor/ckeditor5-core": {
      "version": "35.4.0",
      "resolved": "https://registry.npmjs.org/@ckeditor/ckeditor5-core/-/ckeditor5-core-35.4.0.tgz",
      "integrity": "sha512-Rf0H7C4inCj/YC8aii0cT7TC/IuBIQ+tXmu9qd8/1BJ/rz1MCHXtBPApjTbFp33OE3aOFB5+NUaKt05k/dL3OA==",
      "dependencies": {
        "@ckeditor/ckeditor5-engine": "^35.4.0",
        "@ckeditor/ckeditor5-ui": "^35.4.0",
        "@ckeditor/ckeditor5-utils": "^35.4.0",
        "lodash-es": "^4.17.15"
      },
      "engines": {
        "node": ">=14.0.0",
        "npm": ">=5.7.1"
      }
    },
    "node_modules/@ckeditor/ckeditor5-easy-image": {
      "version": "35.4.0",
      "resolved": "https://registry.npmjs.org/@ckeditor/ckeditor5-easy-image/-/ckeditor5-easy-image-35.4.0.tgz",
      "integrity": "sha512-DRCQ/zh2Ul0f7RrSBG3WYKnZbrU2jj1RazX4qZM1b1WlM81y7+i+Rnp209JIT9TnlrTdYJy2EUY17YHughuyzA==",
      "dependencies": {
        "ckeditor5": "^35.4.0"
      },
      "engines": {
        "node": ">=14.0.0",
        "npm": ">=5.7.1"
      }
    },
    "node_modules/@ckeditor/ckeditor5-editor-classic": {
      "version": "35.4.0",
      "resolved": "https://registry.npmjs.org/@ckeditor/ckeditor5-editor-classic/-/ckeditor5-editor-classic-35.4.0.tgz",
      "integrity": "sha512-EqAqFD/5oPtDMU2AoH3eJaDplcS8MxfkiRQ5hzeC1JeIPT94w5FCHnB4SAkjLPDnlyZnBWOOYdZSuln2TRIbEw==",
      "dependencies": {
        "ckeditor5": "^35.4.0",
        "lodash-es": "^4.17.15"
      },
      "engines": {
        "node": ">=14.0.0",
        "npm": ">=5.7.1"
      }
    },
    "node_modules/@ckeditor/ckeditor5-engine": {
      "version": "35.4.0",
      "resolved": "https://registry.npmjs.org/@ckeditor/ckeditor5-engine/-/ckeditor5-engine-35.4.0.tgz",
      "integrity": "sha512-67QKtUGJeLM072h9qURvzczYGU3ecuxR9LLmM4dffnV+PBNQ9e8RDCY7PuuEP0pplmAUI6/XqoZJIbk6h7ZV3Q==",
      "dependencies": {
        "@ckeditor/ckeditor5-utils": "^35.4.0",
        "lodash-es": "^4.17.15"
      },
      "engines": {
        "node": ">=14.0.0",
        "npm": ">=5.7.1"
      }
    },
    "node_modules/@ckeditor/ckeditor5-enter": {
      "version": "35.4.0",
      "resolved": "https://registry.npmjs.org/@ckeditor/ckeditor5-enter/-/ckeditor5-enter-35.4.0.tgz",
      "integrity": "sha512-y95RnA/Gw72e220PJKVwNbwPzX4SRs82/rXu1jVyJXty7CcEZqqfyRtW6odICAXr5eKI5XKgzFgpFYULL3D9Nw==",
      "dependencies": {
        "@ckeditor/ckeditor5-core": "^35.4.0",
        "@ckeditor/ckeditor5-engine": "^35.4.0"
      },
      "engines": {
        "node": ">=14.0.0",
        "npm": ">=5.7.1"
      }
    },
    "node_modules/@ckeditor/ckeditor5-essentials": {
      "version": "35.4.0",
      "resolved": "https://registry.npmjs.org/@ckeditor/ckeditor5-essentials/-/ckeditor5-essentials-35.4.0.tgz",
      "integrity": "sha512-tTtTb4NYSQi99LPDzAVUnFhW6iTqSuaylkg0XnDvO2lVR3tAA27gOOjGqc8Ri9NMGGeZkFTvXpnVkXkFnDP2nQ==",
      "dependencies": {
        "ckeditor5": "^35.4.0"
      },
      "engines": {
        "node": ">=14.0.0",
        "npm": ">=5.7.1"
      }
    },
    "node_modules/@ckeditor/ckeditor5-heading": {
      "version": "35.4.0",
      "resolved": "https://registry.npmjs.org/@ckeditor/ckeditor5-heading/-/ckeditor5-heading-35.4.0.tgz",
      "integrity": "sha512-cZwKzAg0USxaDZstQXKMkzrE+fOEr+6YFtXpHGrKgsaisI9xkuOWD40dZvLovTmENLGPopDkdfGewj8jscB9Kg==",
      "dependencies": {
        "ckeditor5": "^35.4.0"
      },
      "engines": {
        "node": ">=14.0.0",
        "npm": ">=5.7.1"
      }
    },
    "node_modules/@ckeditor/ckeditor5-image": {
      "version": "35.4.0",
      "resolved": "https://registry.npmjs.org/@ckeditor/ckeditor5-image/-/ckeditor5-image-35.4.0.tgz",
      "integrity": "sha512-SQ+IiIB6SLhdhVy3gRKxxfBXpLikInvaP3ILOvPQlaC0Bt5ciJ3t/180zCBlbCvvRwIQNo4bYbZc5cI8UBIAaA==",
      "dependencies": {
        "@ckeditor/ckeditor5-ui": "^35.4.0",
        "ckeditor5": "^35.4.0",
        "lodash-es": "^4.17.15"
      },
      "engines": {
        "node": ">=14.0.0",
        "npm": ">=5.7.1"
      }
    },
    "node_modules/@ckeditor/ckeditor5-indent": {
      "version": "35.4.0",
      "resolved": "https://registry.npmjs.org/@ckeditor/ckeditor5-indent/-/ckeditor5-indent-35.4.0.tgz",
      "integrity": "sha512-FNp5S6t/RlY4eARR4E/jzxqjAbsGMa+30ZKS9maTOCx0TDmvmjD0jvZc9+1fe/KzSBk9wtmHYOil1J+W66rKvw==",
      "dependencies": {
        "ckeditor5": "^35.4.0"
      },
      "engines": {
        "node": ">=14.0.0",
        "npm": ">=5.7.1"
      }
    },
    "node_modules/@ckeditor/ckeditor5-link": {
      "version": "35.4.0",
      "resolved": "https://registry.npmjs.org/@ckeditor/ckeditor5-link/-/ckeditor5-link-35.4.0.tgz",
      "integrity": "sha512-aqHFwlnGyjW/fp/fklD1VupYLsfbvSwsh9RFGIdgJL4TuWnlhxR5JXCOAKyZtvCWpdyuKyqzEB8EV0NQAa+OMg==",
      "dependencies": {
        "@ckeditor/ckeditor5-ui": "^35.4.0",
        "ckeditor5": "^35.4.0",
        "lodash-es": "^4.17.15"
      },
      "engines": {
        "node": ">=14.0.0",
        "npm": ">=5.7.1"
      }
    },
    "node_modules/@ckeditor/ckeditor5-list": {
      "version": "35.4.0",
      "resolved": "https://registry.npmjs.org/@ckeditor/ckeditor5-list/-/ckeditor5-list-35.4.0.tgz",
      "integrity": "sha512-fPENWzEicpoXZsDmGR6EiR/j3Z4Q3KYAsBMsmWf8YwUlbM/hERt+V3yIB+LKdGQKbFrL6CWOA1JBB4tmmwd50A==",
      "dependencies": {
        "@ckeditor/ckeditor5-ui": "^35.4.0",
        "ckeditor5": "^35.4.0"
      },
      "engines": {
        "node": ">=14.0.0",
        "npm": ">=5.7.1"
      }
    },
    "node_modules/@ckeditor/ckeditor5-media-embed": {
      "version": "35.4.0",
      "resolved": "https://registry.npmjs.org/@ckeditor/ckeditor5-media-embed/-/ckeditor5-media-embed-35.4.0.tgz",
      "integrity": "sha512-So+BYkI82pdIGP2VQ+b+gstEOnHLHA9yBX94pTJM9eW1O+ZTPMR1t2wJFFmEbCjQUYDVC8SdGUGaOb1gaeVXiw==",
      "dependencies": {
        "@ckeditor/ckeditor5-ui": "^35.4.0",
        "ckeditor5": "^35.4.0"
      },
      "engines": {
        "node": ">=14.0.0",
        "npm": ">=5.7.1"
      }
    },
    "node_modules/@ckeditor/ckeditor5-paragraph": {
      "version": "35.4.0",
      "resolved": "https://registry.npmjs.org/@ckeditor/ckeditor5-paragraph/-/ckeditor5-paragraph-35.4.0.tgz",
      "integrity": "sha512-8nhkEEFv1WClhH6q/HW8P596d+dlatSVc46kQ2+jGlYirL8P66tV/nK+OiE8z1d897oVr4QPGsqk2qGkRFUChw==",
      "dependencies": {
        "@ckeditor/ckeditor5-core": "^35.4.0",
        "@ckeditor/ckeditor5-ui": "^35.4.0",
        "@ckeditor/ckeditor5-utils": "^35.4.0"
      },
      "engines": {
        "node": ">=14.0.0",
        "npm": ">=5.7.1"
      }
    },
    "node_modules/@ckeditor/ckeditor5-paste-from-office": {
      "version": "35.4.0",
      "resolved": "https://registry.npmjs.org/@ckeditor/ckeditor5-paste-from-office/-/ckeditor5-paste-from-office-35.4.0.tgz",
      "integrity": "sha512-Uav1z9t52+qcu1axykcZ/NeH7JnURuZF9l0o+Pq/sNg3zjzVqB92V5cvFXg9hXeod8LzxlNLHy1BR8ZWTHeKHQ==",
      "dependencies": {
        "ckeditor5": "^35.4.0"
      },
      "engines": {
        "node": ">=14.0.0",
        "npm": ">=5.7.1"
      }
    },
    "node_modules/@ckeditor/ckeditor5-react": {
      "version": "5.0.6",
      "resolved": "https://registry.npmjs.org/@ckeditor/ckeditor5-react/-/ckeditor5-react-5.0.6.tgz",
      "integrity": "sha512-clfJWCsjYmpLLEaE3094icBOgHY8c+kreHRrZKyhhWeQl7w/FYCln/x/AACwzU0oPrvtRCJRBuZC3C5sC02GPA==",
      "hasInstallScript": true,
      "dependencies": {
        "prop-types": "^15.7.2"
      },
      "engines": {
        "node": ">=14.0.0",
        "npm": ">=5.7.1"
      },
      "peerDependencies": {
        "react": "^16.13.1 || ^17.0.0 || ^18.0.0"
      }
    },
    "node_modules/@ckeditor/ckeditor5-select-all": {
      "version": "35.4.0",
      "resolved": "https://registry.npmjs.org/@ckeditor/ckeditor5-select-all/-/ckeditor5-select-all-35.4.0.tgz",
      "integrity": "sha512-c+pIIY77SP6ux4/cyD7cCrllQAqtFVSnzNYdy7ygNPqljCGngCnpSV9xfCO/blFo6/zx2vsmzVGdRq3ArzGoMg==",
      "dependencies": {
        "@ckeditor/ckeditor5-core": "^35.4.0",
        "@ckeditor/ckeditor5-ui": "^35.4.0",
        "@ckeditor/ckeditor5-utils": "^35.4.0"
      },
      "engines": {
        "node": ">=14.0.0",
        "npm": ">=5.7.1"
      }
    },
    "node_modules/@ckeditor/ckeditor5-table": {
      "version": "35.4.0",
      "resolved": "https://registry.npmjs.org/@ckeditor/ckeditor5-table/-/ckeditor5-table-35.4.0.tgz",
      "integrity": "sha512-u2g3CIqXO7ByrfFVqlHagPssta8hd/zSE37CjFuylc5KYVmMxcuh3TiFirKaladH92/3gjfnf+GWEC5X14mA8w==",
      "dependencies": {
        "ckeditor5": "^35.4.0",
        "lodash-es": "^4.17.15"
      },
      "engines": {
        "node": ">=14.0.0",
        "npm": ">=5.7.1"
      }
    },
    "node_modules/@ckeditor/ckeditor5-typing": {
      "version": "35.4.0",
      "resolved": "https://registry.npmjs.org/@ckeditor/ckeditor5-typing/-/ckeditor5-typing-35.4.0.tgz",
      "integrity": "sha512-Ad/PHWbVWcnAj9oevkkfLqf6CmvCFOti466uhvfOCKRNVf2+/xuGwleOGr8W6Lir/x/qav7ojFjKPKDxqbPXhA==",
      "dependencies": {
        "@ckeditor/ckeditor5-core": "^35.4.0",
        "@ckeditor/ckeditor5-engine": "^35.4.0",
        "@ckeditor/ckeditor5-utils": "^35.4.0",
        "lodash-es": "^4.17.15"
      },
      "engines": {
        "node": ">=14.0.0",
        "npm": ">=5.7.1"
      }
    },
    "node_modules/@ckeditor/ckeditor5-ui": {
      "version": "35.4.0",
      "resolved": "https://registry.npmjs.org/@ckeditor/ckeditor5-ui/-/ckeditor5-ui-35.4.0.tgz",
      "integrity": "sha512-0SmYE+k1cYQPqyw2rQsPDV/RpudneBh1bNfiaTOz+rqViJIMe+TxiuK6Fz+znNZ05s0exr+ZHWvMttGqlVoQNw==",
      "dependencies": {
        "@ckeditor/ckeditor5-core": "^35.4.0",
        "@ckeditor/ckeditor5-utils": "^35.4.0",
        "lodash-es": "^4.17.15"
      },
      "engines": {
        "node": ">=14.0.0",
        "npm": ">=5.7.1"
      }
    },
    "node_modules/@ckeditor/ckeditor5-undo": {
      "version": "35.4.0",
      "resolved": "https://registry.npmjs.org/@ckeditor/ckeditor5-undo/-/ckeditor5-undo-35.4.0.tgz",
      "integrity": "sha512-0RhsK0f/pX/7KB/JXYTLiDOswmUTQ9EKIIuewAwr7LTsBf4Q309FZSFdbeTmc0wIyX33212Xh5xsi3LyG1VJRg==",
      "dependencies": {
        "@ckeditor/ckeditor5-core": "^35.4.0",
        "@ckeditor/ckeditor5-engine": "^35.4.0",
        "@ckeditor/ckeditor5-ui": "^35.4.0"
      },
      "engines": {
        "node": ">=14.0.0",
        "npm": ">=5.7.1"
      }
    },
    "node_modules/@ckeditor/ckeditor5-upload": {
      "version": "35.4.0",
      "resolved": "https://registry.npmjs.org/@ckeditor/ckeditor5-upload/-/ckeditor5-upload-35.4.0.tgz",
      "integrity": "sha512-+eJAluAc4mAFmx5FNuSGjkCYmbm0V9NpSleubAXEx2e+KNiLarPAnsolwRaAcYXcloNp4C9/l0D+lPEx7VRYtg==",
      "dependencies": {
        "@ckeditor/ckeditor5-core": "^35.4.0",
        "@ckeditor/ckeditor5-ui": "^35.4.0",
        "@ckeditor/ckeditor5-utils": "^35.4.0"
      },
      "engines": {
        "node": ">=14.0.0",
        "npm": ">=5.7.1"
      }
    },
    "node_modules/@ckeditor/ckeditor5-utils": {
      "version": "35.4.0",
      "resolved": "https://registry.npmjs.org/@ckeditor/ckeditor5-utils/-/ckeditor5-utils-35.4.0.tgz",
      "integrity": "sha512-sFjbb+1VYdLbELDLWVYk86WzVN7Lo3sXHbVhdr8+kc0Ufxdr3mTFHDAkiymFt2fs1FOB5gZyWJlJU+EeJnhKUw==",
      "dependencies": {
        "lodash-es": "^4.17.15"
      },
      "engines": {
        "node": ">=14.0.0",
        "npm": ">=5.7.1"
      }
    },
    "node_modules/@ckeditor/ckeditor5-widget": {
      "version": "35.4.0",
      "resolved": "https://registry.npmjs.org/@ckeditor/ckeditor5-widget/-/ckeditor5-widget-35.4.0.tgz",
      "integrity": "sha512-SNYOXXWu7XV1BZET+ar0Cea25836vzNtUqXlDPwBx/jrmK86b8GMbFR99P2bUG0NvtIsH5cSk7XCmnxb4ZQ6wA==",
      "dependencies": {
        "@ckeditor/ckeditor5-core": "^35.4.0",
        "@ckeditor/ckeditor5-engine": "^35.4.0",
        "@ckeditor/ckeditor5-enter": "^35.4.0",
        "@ckeditor/ckeditor5-typing": "^35.4.0",
        "@ckeditor/ckeditor5-ui": "^35.4.0",
        "@ckeditor/ckeditor5-utils": "^35.4.0",
        "lodash-es": "^4.17.15"
      },
      "engines": {
        "node": ">=14.0.0",
        "npm": ">=5.7.1"
      }
    },
    "node_modules/ckeditor5": {
      "version": "35.4.0",
      "resolved": "https://registry.npmjs.org/ckeditor5/-/ckeditor5-35.4.0.tgz",
      "integrity": "sha512-vBEQVkFCbjYmEPVkyWsOqU44DOovUio6xBuCwroe4TuJLplqeRasCjFwB0DPknXQU8U0iM3Lh/QSKRyN92pw3Q==",
      "dependencies": {
        "@ckeditor/ckeditor5-clipboard": "^35.4.0",
        "@ckeditor/ckeditor5-core": "^35.4.0",
        "@ckeditor/ckeditor5-engine": "^35.4.0",
        "@ckeditor/ckeditor5-enter": "^35.4.0",
        "@ckeditor/ckeditor5-paragraph": "^35.4.0",
        "@ckeditor/ckeditor5-select-all": "^35.4.0",
        "@ckeditor/ckeditor5-typing": "^35.4.0",
        "@ckeditor/ckeditor5-ui": "^35.4.0",
        "@ckeditor/ckeditor5-undo": "^35.4.0",
        "@ckeditor/ckeditor5-upload": "^35.4.0",
        "@ckeditor/ckeditor5-utils": "^35.4.0",
        "@ckeditor/ckeditor5-widget": "^35.4.0"
      },
      "engines": {
        "node": ">=14.0.0",
        "npm": ">=5.7.1"
      }
    },
    "node_modules/js-tokens": {
      "version": "4.0.0",
      "resolved": "https://registry.npmjs.org/js-tokens/-/js-tokens-4.0.0.tgz",
      "integrity": "sha512-RdJUflcE3cUzKiMqQgsCu06FPu9UdIJO0beYbPhHN4k6apgJtifcoCtT9bcxOpYBtpD2kCM6Sbzg4CausW/PKQ=="
    },
    "node_modules/lodash-es": {
      "version": "4.17.21",
      "resolved": "https://registry.npmjs.org/lodash-es/-/lodash-es-4.17.21.tgz",
      "integrity": "sha512-mKnC+QJ9pWVzv+C4/U3rRsHapFfHvQFoFB92e52xeyGMcX6/OlIl78je1u8vePzYZSkkogMPJ2yjxxsb89cxyw=="
    },
    "node_modules/loose-envify": {
      "version": "1.4.0",
      "resolved": "https://registry.npmjs.org/loose-envify/-/loose-envify-1.4.0.tgz",
      "integrity": "sha512-lyuxPGr/Wfhrlem2CL/UcnUc1zcqKAImBDzukY7Y5F/yQiNdko6+fRLevlw1HgMySw7f611UIY408EtxRSoK3Q==",
      "dependencies": {
        "js-tokens": "^3.0.0 || ^4.0.0"
      },
      "bin": {
        "loose-envify": "cli.js"
      }
    },
    "node_modules/object-assign": {
      "version": "4.1.1",
      "resolved": "https://registry.npmjs.org/object-assign/-/object-assign-4.1.1.tgz",
      "integrity": "sha512-rJgTQnkUnH1sFw8yT6VSU3zD3sWmu6sZhIseY8VX+GRu3P6F7Fu+JNDoXfklElbLJSnc3FUQHVe4cU5hj+BcUg==",
      "engines": {
        "node": ">=0.10.0"
      }
    },
    "node_modules/prop-types": {
      "version": "15.8.1",
      "resolved": "https://registry.npmjs.org/prop-types/-/prop-types-15.8.1.tgz",
      "integrity": "sha512-oj87CgZICdulUohogVAR7AjlC0327U4el4L6eAvOqCeudMDVU0NThNaV+b9Df4dXgSP1gXMTnPdhfe/2qDH5cg==",
      "dependencies": {
        "loose-envify": "^1.4.0",
        "object-assign": "^4.1.1",
        "react-is": "^16.13.1"
      }
    },
    "node_modules/react": {
      "version": "18.2.0",
      "resolved": "https://registry.npmjs.org/react/-/react-18.2.0.tgz",
      "integrity": "sha512-/3IjMdb2L9QbBdWiW5e3P2/npwMBaU9mHCSCUzNln0ZCYbcfTsGbTJrU/kGemdH2IWmB2ioZ+zkxtmq6g09fGQ==",
      "peer": true,
      "dependencies": {
        "loose-envify": "^1.1.0"
      },
      "engines": {
        "node": ">=0.10.0"
      }
    },
    "node_modules/react-is": {
      "version": "16.13.1",
      "resolved": "https://registry.npmjs.org/react-is/-/react-is-16.13.1.tgz",
      "integrity": "sha512-24e6ynE2H+OKt4kqsOvNd8kBpV65zoxbA4BVsEOB3ARVWQki/DHzaUoC5KuON/BiccDaCCTZBuOcfZs70kR8bQ=="
    }
  },
  "dependencies": {
    "@ckeditor/ckeditor5-adapter-ckfinder": {
      "version": "35.4.0",
      "resolved": "https://registry.npmjs.org/@ckeditor/ckeditor5-adapter-ckfinder/-/ckeditor5-adapter-ckfinder-35.4.0.tgz",
      "integrity": "sha512-0o0nkggKYwjx60Ge7GGuJp2jJGwGW9LlAOZEVPTMRG8b/uSzMNLHyCChKeakRO4z7tiopJM6o9Y8sfbDM/nKpA==",
      "requires": {
        "ckeditor5": "^35.4.0"
      }
    },
    "@ckeditor/ckeditor5-autoformat": {
      "version": "35.4.0",
      "resolved": "https://registry.npmjs.org/@ckeditor/ckeditor5-autoformat/-/ckeditor5-autoformat-35.4.0.tgz",
      "integrity": "sha512-4vAOaoiziR2XN8KmismiBiknCeOYKtskW8yQnSrFWUX3Fkok3KrHaRFr48AbIN4pHI2xTMKPLeMLeRtZd8tTVw==",
      "requires": {
        "ckeditor5": "^35.4.0"
      }
    },
    "@ckeditor/ckeditor5-basic-styles": {
      "version": "35.4.0",
      "resolved": "https://registry.npmjs.org/@ckeditor/ckeditor5-basic-styles/-/ckeditor5-basic-styles-35.4.0.tgz",
      "integrity": "sha512-6JkoplYMwIHN1E/w3DoY0i95B41sbGwsNAtlvx6qaBvNKkLu4rRCtiBUJDnx8qZxxQXHih5ZOw8bUQHl4mt8hw==",
      "requires": {
        "ckeditor5": "^35.4.0"
      }
    },
    "@ckeditor/ckeditor5-block-quote": {
      "version": "35.4.0",
      "resolved": "https://registry.npmjs.org/@ckeditor/ckeditor5-block-quote/-/ckeditor5-block-quote-35.4.0.tgz",
      "integrity": "sha512-AXoJhSVwl/RSelmxqxMcLq0VUXubjEvMc32xvF6CyUkc/vlSkZec6noznXyVo0P5TXOxsFbzwFAdBOSFTFjD+A==",
      "requires": {
        "ckeditor5": "^35.4.0"
      }
    },
    "@ckeditor/ckeditor5-build-classic": {
      "version": "35.4.0",
      "resolved": "https://registry.npmjs.org/@ckeditor/ckeditor5-build-classic/-/ckeditor5-build-classic-35.4.0.tgz",
      "integrity": "sha512-DDvhtoOggo2B7/M+XPReIkFOvkXzzjTP3d4dzakODIFhZ5Y633U0NlIwTeMP/KVvTfzmesW9FJzER0fbVosQgA==",
      "requires": {
        "@ckeditor/ckeditor5-adapter-ckfinder": "^35.4.0",
        "@ckeditor/ckeditor5-autoformat": "^35.4.0",
        "@ckeditor/ckeditor5-basic-styles": "^35.4.0",
        "@ckeditor/ckeditor5-block-quote": "^35.4.0",
        "@ckeditor/ckeditor5-ckbox": "^35.4.0",
        "@ckeditor/ckeditor5-ckfinder": "^35.4.0",
        "@ckeditor/ckeditor5-cloud-services": "^35.4.0",
        "@ckeditor/ckeditor5-easy-image": "^35.4.0",
        "@ckeditor/ckeditor5-editor-classic": "^35.4.0",
        "@ckeditor/ckeditor5-essentials": "^35.4.0",
        "@ckeditor/ckeditor5-heading": "^35.4.0",
        "@ckeditor/ckeditor5-image": "^35.4.0",
        "@ckeditor/ckeditor5-indent": "^35.4.0",
        "@ckeditor/ckeditor5-link": "^35.4.0",
        "@ckeditor/ckeditor5-list": "^35.4.0",
        "@ckeditor/ckeditor5-media-embed": "^35.4.0",
        "@ckeditor/ckeditor5-paragraph": "^35.4.0",
        "@ckeditor/ckeditor5-paste-from-office": "^35.4.0",
        "@ckeditor/ckeditor5-table": "^35.4.0",
        "@ckeditor/ckeditor5-typing": "^35.4.0"
      }
    },
    "@ckeditor/ckeditor5-ckbox": {
      "version": "35.4.0",
      "resolved": "https://registry.npmjs.org/@ckeditor/ckeditor5-ckbox/-/ckeditor5-ckbox-35.4.0.tgz",
      "integrity": "sha512-kpEleQLsu3/nyvc46zkWBp3EvvxinnQfmwvi52h+FLbbI0TE0dxadRppQHZjHXd4yw29N6B1ePeMAVFRX1iYjQ==",
      "requires": {
        "ckeditor5": "^35.4.0"
      }
    },
    "@ckeditor/ckeditor5-ckfinder": {
      "version": "35.4.0",
      "resolved": "https://registry.npmjs.org/@ckeditor/ckeditor5-ckfinder/-/ckeditor5-ckfinder-35.4.0.tgz",
      "integrity": "sha512-PeA3PA1c1JGn9f+rZlnWHSuXUU4DjWU4oUp5tMWAtS8OV1srJ2DbU/+Z/WZHO4jmDMfQX9XmN5B/sdLvTQ7ZjQ==",
      "requires": {
        "ckeditor5": "^35.4.0"
      }
    },
    "@ckeditor/ckeditor5-clipboard": {
      "version": "35.4.0",
      "resolved": "https://registry.npmjs.org/@ckeditor/ckeditor5-clipboard/-/ckeditor5-clipboard-35.4.0.tgz",
      "integrity": "sha512-B6rIQxvOrHvO9TZRC8JA0wKk+IfN880UJkYIg1qlhf9HFNVjdVbtHaiCsPD+TzGmQN3XHXfNjgjabGRIn0iZmw==",
      "requires": {
        "@ckeditor/ckeditor5-core": "^35.4.0",
        "@ckeditor/ckeditor5-engine": "^35.4.0",
        "@ckeditor/ckeditor5-utils": "^35.4.0",
        "@ckeditor/ckeditor5-widget": "^35.4.0",
        "lodash-es": "^4.17.11"
      }
    },
    "@ckeditor/ckeditor5-cloud-services": {
      "version": "35.4.0",
      "resolved": "https://registry.npmjs.org/@ckeditor/ckeditor5-cloud-services/-/ckeditor5-cloud-services-35.4.0.tgz",
      "integrity": "sha512-iavLfEKx0GVPMIyPnnOlD9TCVVLIrwp1dCQAfO3A7WUySiLBcC7ShJ+6Bm00CVQQE6VtrYOevrKN/RcRzImzHw==",
      "requires": {
        "ckeditor5": "^35.4.0"
      }
    },
    "@ckeditor/ckeditor5-core": {
      "version": "35.4.0",
      "resolved": "https://registry.npmjs.org/@ckeditor/ckeditor5-core/-/ckeditor5-core-35.4.0.tgz",
      "integrity": "sha512-Rf0H7C4inCj/YC8aii0cT7TC/IuBIQ+tXmu9qd8/1BJ/rz1MCHXtBPApjTbFp33OE3aOFB5+NUaKt05k/dL3OA==",
      "requires": {
        "@ckeditor/ckeditor5-engine": "^35.4.0",
        "@ckeditor/ckeditor5-ui": "^35.4.0",
        "@ckeditor/ckeditor5-utils": "^35.4.0",
        "lodash-es": "^4.17.15"
      }
    },
    "@ckeditor/ckeditor5-easy-image": {
      "version": "35.4.0",
      "resolved": "https://registry.npmjs.org/@ckeditor/ckeditor5-easy-image/-/ckeditor5-easy-image-35.4.0.tgz",
      "integrity": "sha512-DRCQ/zh2Ul0f7RrSBG3WYKnZbrU2jj1RazX4qZM1b1WlM81y7+i+Rnp209JIT9TnlrTdYJy2EUY17YHughuyzA==",
      "requires": {
        "ckeditor5": "^35.4.0"
      }
    },
    "@ckeditor/ckeditor5-editor-classic": {
      "version": "35.4.0",
      "resolved": "https://registry.npmjs.org/@ckeditor/ckeditor5-editor-classic/-/ckeditor5-editor-classic-35.4.0.tgz",
      "integrity": "sha512-EqAqFD/5oPtDMU2AoH3eJaDplcS8MxfkiRQ5hzeC1JeIPT94w5FCHnB4SAkjLPDnlyZnBWOOYdZSuln2TRIbEw==",
      "requires": {
        "ckeditor5": "^35.4.0",
        "lodash-es": "^4.17.15"
      }
    },
    "@ckeditor/ckeditor5-engine": {
      "version": "35.4.0",
      "resolved": "https://registry.npmjs.org/@ckeditor/ckeditor5-engine/-/ckeditor5-engine-35.4.0.tgz",
      "integrity": "sha512-67QKtUGJeLM072h9qURvzczYGU3ecuxR9LLmM4dffnV+PBNQ9e8RDCY7PuuEP0pplmAUI6/XqoZJIbk6h7ZV3Q==",
      "requires": {
        "@ckeditor/ckeditor5-utils": "^35.4.0",
        "lodash-es": "^4.17.15"
      }
    },
    "@ckeditor/ckeditor5-enter": {
      "version": "35.4.0",
      "resolved": "https://registry.npmjs.org/@ckeditor/ckeditor5-enter/-/ckeditor5-enter-35.4.0.tgz",
      "integrity": "sha512-y95RnA/Gw72e220PJKVwNbwPzX4SRs82/rXu1jVyJXty7CcEZqqfyRtW6odICAXr5eKI5XKgzFgpFYULL3D9Nw==",
      "requires": {
        "@ckeditor/ckeditor5-core": "^35.4.0",
        "@ckeditor/ckeditor5-engine": "^35.4.0"
      }
    },
    "@ckeditor/ckeditor5-essentials": {
      "version": "35.4.0",
      "resolved": "https://registry.npmjs.org/@ckeditor/ckeditor5-essentials/-/ckeditor5-essentials-35.4.0.tgz",
      "integrity": "sha512-tTtTb4NYSQi99LPDzAVUnFhW6iTqSuaylkg0XnDvO2lVR3tAA27gOOjGqc8Ri9NMGGeZkFTvXpnVkXkFnDP2nQ==",
      "requires": {
        "ckeditor5": "^35.4.0"
      }
    },
    "@ckeditor/ckeditor5-heading": {
      "version": "35.4.0",
      "resolved": "https://registry.npmjs.org/@ckeditor/ckeditor5-heading/-/ckeditor5-heading-35.4.0.tgz",
      "integrity": "sha512-cZwKzAg0USxaDZstQXKMkzrE+fOEr+6YFtXpHGrKgsaisI9xkuOWD40dZvLovTmENLGPopDkdfGewj8jscB9Kg==",
      "requires": {
        "ckeditor5": "^35.4.0"
      }
    },
    "@ckeditor/ckeditor5-image": {
      "version": "35.4.0",
      "resolved": "https://registry.npmjs.org/@ckeditor/ckeditor5-image/-/ckeditor5-image-35.4.0.tgz",
      "integrity": "sha512-SQ+IiIB6SLhdhVy3gRKxxfBXpLikInvaP3ILOvPQlaC0Bt5ciJ3t/180zCBlbCvvRwIQNo4bYbZc5cI8UBIAaA==",
      "requires": {
        "@ckeditor/ckeditor5-ui": "^35.4.0",
        "ckeditor5": "^35.4.0",
        "lodash-es": "^4.17.15"
      }
    },
    "@ckeditor/ckeditor5-indent": {
      "version": "35.4.0",
      "resolved": "https://registry.npmjs.org/@ckeditor/ckeditor5-indent/-/ckeditor5-indent-35.4.0.tgz",
      "integrity": "sha512-FNp5S6t/RlY4eARR4E/jzxqjAbsGMa+30ZKS9maTOCx0TDmvmjD0jvZc9+1fe/KzSBk9wtmHYOil1J+W66rKvw==",
      "requires": {
        "ckeditor5": "^35.4.0"
      }
    },
    "@ckeditor/ckeditor5-link": {
      "version": "35.4.0",
      "resolved": "https://registry.npmjs.org/@ckeditor/ckeditor5-link/-/ckeditor5-link-35.4.0.tgz",
      "integrity": "sha512-aqHFwlnGyjW/fp/fklD1VupYLsfbvSwsh9RFGIdgJL4TuWnlhxR5JXCOAKyZtvCWpdyuKyqzEB8EV0NQAa+OMg==",
      "requires": {
        "@ckeditor/ckeditor5-ui": "^35.4.0",
        "ckeditor5": "^35.4.0",
        "lodash-es": "^4.17.15"
      }
    },
    "@ckeditor/ckeditor5-list": {
      "version": "35.4.0",
      "resolved": "https://registry.npmjs.org/@ckeditor/ckeditor5-list/-/ckeditor5-list-35.4.0.tgz",
      "integrity": "sha512-fPENWzEicpoXZsDmGR6EiR/j3Z4Q3KYAsBMsmWf8YwUlbM/hERt+V3yIB+LKdGQKbFrL6CWOA1JBB4tmmwd50A==",
      "requires": {
        "@ckeditor/ckeditor5-ui": "^35.4.0",
        "ckeditor5": "^35.4.0"
      }
    },
    "@ckeditor/ckeditor5-media-embed": {
      "version": "35.4.0",
      "resolved": "https://registry.npmjs.org/@ckeditor/ckeditor5-media-embed/-/ckeditor5-media-embed-35.4.0.tgz",
      "integrity": "sha512-So+BYkI82pdIGP2VQ+b+gstEOnHLHA9yBX94pTJM9eW1O+ZTPMR1t2wJFFmEbCjQUYDVC8SdGUGaOb1gaeVXiw==",
      "requires": {
        "@ckeditor/ckeditor5-ui": "^35.4.0",
        "ckeditor5": "^35.4.0"
      }
    },
    "@ckeditor/ckeditor5-paragraph": {
      "version": "35.4.0",
      "resolved": "https://registry.npmjs.org/@ckeditor/ckeditor5-paragraph/-/ckeditor5-paragraph-35.4.0.tgz",
      "integrity": "sha512-8nhkEEFv1WClhH6q/HW8P596d+dlatSVc46kQ2+jGlYirL8P66tV/nK+OiE8z1d897oVr4QPGsqk2qGkRFUChw==",
      "requires": {
        "@ckeditor/ckeditor5-core": "^35.4.0",
        "@ckeditor/ckeditor5-ui": "^35.4.0",
        "@ckeditor/ckeditor5-utils": "^35.4.0"
      }
    },
    "@ckeditor/ckeditor5-paste-from-office": {
      "version": "35.4.0",
      "resolved": "https://registry.npmjs.org/@ckeditor/ckeditor5-paste-from-office/-/ckeditor5-paste-from-office-35.4.0.tgz",
      "integrity": "sha512-Uav1z9t52+qcu1axykcZ/NeH7JnURuZF9l0o+Pq/sNg3zjzVqB92V5cvFXg9hXeod8LzxlNLHy1BR8ZWTHeKHQ==",
      "requires": {
        "ckeditor5": "^35.4.0"
      }
    },
    "@ckeditor/ckeditor5-react": {
      "version": "5.0.6",
      "resolved": "https://registry.npmjs.org/@ckeditor/ckeditor5-react/-/ckeditor5-react-5.0.6.tgz",
      "integrity": "sha512-clfJWCsjYmpLLEaE3094icBOgHY8c+kreHRrZKyhhWeQl7w/FYCln/x/AACwzU0oPrvtRCJRBuZC3C5sC02GPA==",
      "requires": {
        "prop-types": "^15.7.2"
      }
    },
    "@ckeditor/ckeditor5-select-all": {
      "version": "35.4.0",
      "resolved": "https://registry.npmjs.org/@ckeditor/ckeditor5-select-all/-/ckeditor5-select-all-35.4.0.tgz",
      "integrity": "sha512-c+pIIY77SP6ux4/cyD7cCrllQAqtFVSnzNYdy7ygNPqljCGngCnpSV9xfCO/blFo6/zx2vsmzVGdRq3ArzGoMg==",
      "requires": {
        "@ckeditor/ckeditor5-core": "^35.4.0",
        "@ckeditor/ckeditor5-ui": "^35.4.0",
        "@ckeditor/ckeditor5-utils": "^35.4.0"
      }
    },
    "@ckeditor/ckeditor5-table": {
      "version": "35.4.0",
      "resolved": "https://registry.npmjs.org/@ckeditor/ckeditor5-table/-/ckeditor5-table-35.4.0.tgz",
      "integrity": "sha512-u2g3CIqXO7ByrfFVqlHagPssta8hd/zSE37CjFuylc5KYVmMxcuh3TiFirKaladH92/3gjfnf+GWEC5X14mA8w==",
      "requires": {
        "ckeditor5": "^35.4.0",
        "lodash-es": "^4.17.15"
      }
    },
    "@ckeditor/ckeditor5-typing": {
      "version": "35.4.0",
      "resolved": "https://registry.npmjs.org/@ckeditor/ckeditor5-typing/-/ckeditor5-typing-35.4.0.tgz",
      "integrity": "sha512-Ad/PHWbVWcnAj9oevkkfLqf6CmvCFOti466uhvfOCKRNVf2+/xuGwleOGr8W6Lir/x/qav7ojFjKPKDxqbPXhA==",
      "requires": {
        "@ckeditor/ckeditor5-core": "^35.4.0",
        "@ckeditor/ckeditor5-engine": "^35.4.0",
        "@ckeditor/ckeditor5-utils": "^35.4.0",
        "lodash-es": "^4.17.15"
      }
    },
    "@ckeditor/ckeditor5-ui": {
      "version": "35.4.0",
      "resolved": "https://registry.npmjs.org/@ckeditor/ckeditor5-ui/-/ckeditor5-ui-35.4.0.tgz",
      "integrity": "sha512-0SmYE+k1cYQPqyw2rQsPDV/RpudneBh1bNfiaTOz+rqViJIMe+TxiuK6Fz+znNZ05s0exr+ZHWvMttGqlVoQNw==",
      "requires": {
        "@ckeditor/ckeditor5-core": "^35.4.0",
        "@ckeditor/ckeditor5-utils": "^35.4.0",
        "lodash-es": "^4.17.15"
      }
    },
    "@ckeditor/ckeditor5-undo": {
      "version": "35.4.0",
      "resolved": "https://registry.npmjs.org/@ckeditor/ckeditor5-undo/-/ckeditor5-undo-35.4.0.tgz",
      "integrity": "sha512-0RhsK0f/pX/7KB/JXYTLiDOswmUTQ9EKIIuewAwr7LTsBf4Q309FZSFdbeTmc0wIyX33212Xh5xsi3LyG1VJRg==",
      "requires": {
        "@ckeditor/ckeditor5-core": "^35.4.0",
        "@ckeditor/ckeditor5-engine": "^35.4.0",
        "@ckeditor/ckeditor5-ui": "^35.4.0"
      }
    },
    "@ckeditor/ckeditor5-upload": {
      "version": "35.4.0",
      "resolved": "https://registry.npmjs.org/@ckeditor/ckeditor5-upload/-/ckeditor5-upload-35.4.0.tgz",
      "integrity": "sha512-+eJAluAc4mAFmx5FNuSGjkCYmbm0V9NpSleubAXEx2e+KNiLarPAnsolwRaAcYXcloNp4C9/l0D+lPEx7VRYtg==",
      "requires": {
        "@ckeditor/ckeditor5-core": "^35.4.0",
        "@ckeditor/ckeditor5-ui": "^35.4.0",
        "@ckeditor/ckeditor5-utils": "^35.4.0"
      }
    },
    "@ckeditor/ckeditor5-utils": {
      "version": "35.4.0",
      "resolved": "https://registry.npmjs.org/@ckeditor/ckeditor5-utils/-/ckeditor5-utils-35.4.0.tgz",
      "integrity": "sha512-sFjbb+1VYdLbELDLWVYk86WzVN7Lo3sXHbVhdr8+kc0Ufxdr3mTFHDAkiymFt2fs1FOB5gZyWJlJU+EeJnhKUw==",
      "requires": {
        "lodash-es": "^4.17.15"
      }
    },
    "@ckeditor/ckeditor5-widget": {
      "version": "35.4.0",
      "resolved": "https://registry.npmjs.org/@ckeditor/ckeditor5-widget/-/ckeditor5-widget-35.4.0.tgz",
      "integrity": "sha512-SNYOXXWu7XV1BZET+ar0Cea25836vzNtUqXlDPwBx/jrmK86b8GMbFR99P2bUG0NvtIsH5cSk7XCmnxb4ZQ6wA==",
      "requires": {
        "@ckeditor/ckeditor5-core": "^35.4.0",
        "@ckeditor/ckeditor5-engine": "^35.4.0",
        "@ckeditor/ckeditor5-enter": "^35.4.0",
        "@ckeditor/ckeditor5-typing": "^35.4.0",
        "@ckeditor/ckeditor5-ui": "^35.4.0",
        "@ckeditor/ckeditor5-utils": "^35.4.0",
        "lodash-es": "^4.17.15"
      }
    },
    "ckeditor5": {
      "version": "35.4.0",
      "resolved": "https://registry.npmjs.org/ckeditor5/-/ckeditor5-35.4.0.tgz",
      "integrity": "sha512-vBEQVkFCbjYmEPVkyWsOqU44DOovUio6xBuCwroe4TuJLplqeRasCjFwB0DPknXQU8U0iM3Lh/QSKRyN92pw3Q==",
      "requires": {
        "@ckeditor/ckeditor5-clipboard": "^35.4.0",
        "@ckeditor/ckeditor5-core": "^35.4.0",
        "@ckeditor/ckeditor5-engine": "^35.4.0",
        "@ckeditor/ckeditor5-enter": "^35.4.0",
        "@ckeditor/ckeditor5-paragraph": "^35.4.0",
        "@ckeditor/ckeditor5-select-all": "^35.4.0",
        "@ckeditor/ckeditor5-typing": "^35.4.0",
        "@ckeditor/ckeditor5-ui": "^35.4.0",
        "@ckeditor/ckeditor5-undo": "^35.4.0",
        "@ckeditor/ckeditor5-upload": "^35.4.0",
        "@ckeditor/ckeditor5-utils": "^35.4.0",
        "@ckeditor/ckeditor5-widget": "^35.4.0"
      }
    },
    "js-tokens": {
      "version": "4.0.0",
      "resolved": "https://registry.npmjs.org/js-tokens/-/js-tokens-4.0.0.tgz",
      "integrity": "sha512-RdJUflcE3cUzKiMqQgsCu06FPu9UdIJO0beYbPhHN4k6apgJtifcoCtT9bcxOpYBtpD2kCM6Sbzg4CausW/PKQ=="
    },
    "lodash-es": {
      "version": "4.17.21",
      "resolved": "https://registry.npmjs.org/lodash-es/-/lodash-es-4.17.21.tgz",
      "integrity": "sha512-mKnC+QJ9pWVzv+C4/U3rRsHapFfHvQFoFB92e52xeyGMcX6/OlIl78je1u8vePzYZSkkogMPJ2yjxxsb89cxyw=="
    },
    "loose-envify": {
      "version": "1.4.0",
      "resolved": "https://registry.npmjs.org/loose-envify/-/loose-envify-1.4.0.tgz",
      "integrity": "sha512-lyuxPGr/Wfhrlem2CL/UcnUc1zcqKAImBDzukY7Y5F/yQiNdko6+fRLevlw1HgMySw7f611UIY408EtxRSoK3Q==",
      "requires": {
        "js-tokens": "^3.0.0 || ^4.0.0"
      }
    },
    "object-assign": {
      "version": "4.1.1",
      "resolved": "https://registry.npmjs.org/object-assign/-/object-assign-4.1.1.tgz",
      "integrity": "sha512-rJgTQnkUnH1sFw8yT6VSU3zD3sWmu6sZhIseY8VX+GRu3P6F7Fu+JNDoXfklElbLJSnc3FUQHVe4cU5hj+BcUg=="
    },
    "prop-types": {
      "version": "15.8.1",
      "resolved": "https://registry.npmjs.org/prop-types/-/prop-types-15.8.1.tgz",
      "integrity": "sha512-oj87CgZICdulUohogVAR7AjlC0327U4el4L6eAvOqCeudMDVU0NThNaV+b9Df4dXgSP1gXMTnPdhfe/2qDH5cg==",
      "requires": {
        "loose-envify": "^1.4.0",
        "object-assign": "^4.1.1",
        "react-is": "^16.13.1"
      }
    },
    "react": {
      "version": "18.2.0",
      "resolved": "https://registry.npmjs.org/react/-/react-18.2.0.tgz",
      "integrity": "sha512-/3IjMdb2L9QbBdWiW5e3P2/npwMBaU9mHCSCUzNln0ZCYbcfTsGbTJrU/kGemdH2IWmB2ioZ+zkxtmq6g09fGQ==",
      "peer": true,
      "requires": {
        "loose-envify": "^1.1.0"
      }
    },
    "react-is": {
      "version": "16.13.1",
      "resolved": "https://registry.npmjs.org/react-is/-/react-is-16.13.1.tgz",
      "integrity": "sha512-24e6ynE2H+OKt4kqsOvNd8kBpV65zoxbA4BVsEOB3ARVWQki/DHzaUoC5KuON/BiccDaCCTZBuOcfZs70kR8bQ=="
    }
  }
}
